// !$*UTF8*$!
{
	archiveVersion = 1;
	classes = {
	};
	objectVersion = 55;
	objects = {

/* Begin PBXBuildFile section */
		B54633E1275751010079DAC6 /* AppDelegate.swift in Sources */ = {isa = PBXBuildFile; fileRef = B54633E0275751010079DAC6 /* AppDelegate.swift */; };
		B54633E3275751010079DAC6 /* SceneDelegate.swift in Sources */ = {isa = PBXBuildFile; fileRef = B54633E2275751010079DAC6 /* SceneDelegate.swift */; };
		B54633E5275751010079DAC6 /* BooksViewController.swift in Sources */ = {isa = PBXBuildFile; fileRef = B54633E4275751010079DAC6 /* BooksViewController.swift */; };
		B54633EA275751020079DAC6 /* Assets.xcassets in Resources */ = {isa = PBXBuildFile; fileRef = B54633E9275751020079DAC6 /* Assets.xcassets */; };
		B54633ED275751020079DAC6 /* LaunchScreen.storyboard in Resources */ = {isa = PBXBuildFile; fileRef = B54633EB275751020079DAC6 /* LaunchScreen.storyboard */; };
		B54633F6275752460079DAC6 /* BooksView.swift in Sources */ = {isa = PBXBuildFile; fileRef = B54633F5275752460079DAC6 /* BooksView.swift */; };
		B54633F8275752700079DAC6 /* CollectionViewCell.swift in Sources */ = {isa = PBXBuildFile; fileRef = B54633F7275752700079DAC6 /* CollectionViewCell.swift */; };
		B54633FA275752A60079DAC6 /* Metrics.swift in Sources */ = {isa = PBXBuildFile; fileRef = B54633F9275752A60079DAC6 /* Metrics.swift */; };
		B54633FC275752E10079DAC6 /* ModelBook.swift in Sources */ = {isa = PBXBuildFile; fileRef = B54633FB275752E10079DAC6 /* ModelBook.swift */; };
		B54633FE275753AF0079DAC6 /* DetailViewController.swift in Sources */ = {isa = PBXBuildFile; fileRef = B54633FD275753AF0079DAC6 /* DetailViewController.swift */; };
		B5463400275753C90079DAC6 /* DetailView.swift in Sources */ = {isa = PBXBuildFile; fileRef = B54633FF275753C90079DAC6 /* DetailView.swift */; };
		B5463402275753ED0079DAC6 /* DetailPresenter.swift in Sources */ = {isa = PBXBuildFile; fileRef = B5463401275753ED0079DAC6 /* DetailPresenter.swift */; };
		B5463404275754C00079DAC6 /* ModalViewController.swift in Sources */ = {isa = PBXBuildFile; fileRef = B5463403275754C00079DAC6 /* ModalViewController.swift */; };
		B5463406275754F10079DAC6 /* ModalViewModel.swift in Sources */ = {isa = PBXBuildFile; fileRef = B5463405275754F10079DAC6 /* ModalViewModel.swift */; };
/* End PBXBuildFile section */

/* Begin PBXFileReference section */
		B54633DD275751010079DAC6 /* CollectionAppWithArchitecture.app */ = {isa = PBXFileReference; explicitFileType = wrapper.application; includeInIndex = 0; path = CollectionAppWithArchitecture.app; sourceTree = BUILT_PRODUCTS_DIR; };
		B54633E0275751010079DAC6 /* AppDelegate.swift */ = {isa = PBXFileReference; lastKnownFileType = sourcecode.swift; path = AppDelegate.swift; sourceTree = "<group>"; };
		B54633E2275751010079DAC6 /* SceneDelegate.swift */ = {isa = PBXFileReference; lastKnownFileType = sourcecode.swift; path = SceneDelegate.swift; sourceTree = "<group>"; };
		B54633E4275751010079DAC6 /* BooksViewController.swift */ = {isa = PBXFileReference; lastKnownFileType = sourcecode.swift; path = BooksViewController.swift; sourceTree = "<group>"; };
		B54633E9275751020079DAC6 /* Assets.xcassets */ = {isa = PBXFileReference; lastKnownFileType = folder.assetcatalog; path = Assets.xcassets; sourceTree = "<group>"; };
		B54633EC275751020079DAC6 /* Base */ = {isa = PBXFileReference; lastKnownFileType = file.storyboard; name = Base; path = Base.lproj/LaunchScreen.storyboard; sourceTree = "<group>"; };
		B54633EE275751020079DAC6 /* Info.plist */ = {isa = PBXFileReference; lastKnownFileType = text.plist.xml; path = Info.plist; sourceTree = "<group>"; };
		B54633F5275752460079DAC6 /* BooksView.swift */ = {isa = PBXFileReference; lastKnownFileType = sourcecode.swift; path = BooksView.swift; sourceTree = "<group>"; };
		B54633F7275752700079DAC6 /* CollectionViewCell.swift */ = {isa = PBXFileReference; lastKnownFileType = sourcecode.swift; path = CollectionViewCell.swift; sourceTree = "<group>"; };
		B54633F9275752A60079DAC6 /* Metrics.swift */ = {isa = PBXFileReference; lastKnownFileType = sourcecode.swift; path = Metrics.swift; sourceTree = "<group>"; };
		B54633FB275752E10079DAC6 /* ModelBook.swift */ = {isa = PBXFileReference; lastKnownFileType = sourcecode.swift; path = ModelBook.swift; sourceTree = "<group>"; };
		B54633FD275753AF0079DAC6 /* DetailViewController.swift */ = {isa = PBXFileReference; lastKnownFileType = sourcecode.swift; path = DetailViewController.swift; sourceTree = "<group>"; };
		B54633FF275753C90079DAC6 /* DetailView.swift */ = {isa = PBXFileReference; lastKnownFileType = sourcecode.swift; path = DetailView.swift; sourceTree = "<group>"; };
		B5463401275753ED0079DAC6 /* DetailPresenter.swift */ = {isa = PBXFileReference; lastKnownFileType = sourcecode.swift; path = DetailPresenter.swift; sourceTree = "<group>"; };
		B5463403275754C00079DAC6 /* ModalViewController.swift */ = {isa = PBXFileReference; lastKnownFileType = sourcecode.swift; path = ModalViewController.swift; sourceTree = "<group>"; };
		B5463405275754F10079DAC6 /* ModalViewModel.swift */ = {isa = PBXFileReference; lastKnownFileType = sourcecode.swift; path = ModalViewModel.swift; sourceTree = "<group>"; };
/* End PBXFileReference section */

/* Begin PBXFrameworksBuildPhase section */
		B54633DA275751010079DAC6 /* Frameworks */ = {
			isa = PBXFrameworksBuildPhase;
			buildActionMask = 2147483647;
			files = (
			);
			runOnlyForDeploymentPostprocessing = 0;
		};
/* End PBXFrameworksBuildPhase section */

/* Begin PBXGroup section */
		B54633D4275751010079DAC6 = {
			isa = PBXGroup;
			children = (
				B54633DF275751010079DAC6 /* CollectionAppWithArchitecture */,
				B54633DE275751010079DAC6 /* Products */,
			);
			sourceTree = "<group>";
		};
		B54633DE275751010079DAC6 /* Products */ = {
			isa = PBXGroup;
			children = (
				B54633DD275751010079DAC6 /* CollectionAppWithArchitecture.app */,
			);
			name = Products;
			sourceTree = "<group>";
		};
		B54633DF275751010079DAC6 /* CollectionAppWithArchitecture */ = {
			isa = PBXGroup;
			children = (
				B54633F4275751DB0079DAC6 /* Application */,
				B5463409275755630079DAC6 /* BooksScreen - MVC */,
				B546340C275755BD0079DAC6 /* DetailScreen - MVP */,
				B546340F275755E40079DAC6 /* ModalScreen - MVVM */,
				B5463410275755F70079DAC6 /* Model */,
				B5463411275755FE0079DAC6 /* Metrics */,
				B54633E9275751020079DAC6 /* Assets.xcassets */,
				B54633EB275751020079DAC6 /* LaunchScreen.storyboard */,
				B54633EE275751020079DAC6 /* Info.plist */,
			);
			path = CollectionAppWithArchitecture;
			sourceTree = "<group>";
		};
		B54633F4275751DB0079DAC6 /* Application */ = {
			isa = PBXGroup;
			children = (
				B54633E0275751010079DAC6 /* AppDelegate.swift */,
				B54633E2275751010079DAC6 /* SceneDelegate.swift */,
			);
			path = Application;
			sourceTree = "<group>";
		};
		B5463407275755490079DAC6 /* View */ = {
			isa = PBXGroup;
			children = (
				B54633F5275752460079DAC6 /* BooksView.swift */,
				B54633F7275752700079DAC6 /* CollectionViewCell.swift */,
			);
			path = View;
			sourceTree = "<group>";
		};
		B5463408275755570079DAC6 /* Controller */ = {
			isa = PBXGroup;
			children = (
				B54633E4275751010079DAC6 /* BooksViewController.swift */,
			);
			path = Controller;
			sourceTree = "<group>";
		};
		B5463409275755630079DAC6 /* BooksScreen - MVC */ = {
			isa = PBXGroup;
			children = (
				B5463407275755490079DAC6 /* View */,
				B5463408275755570079DAC6 /* Controller */,
			);
			path = "BooksScreen - MVC";
			sourceTree = "<group>";
		};
		B546340A275755840079DAC6 /* View */ = {
			isa = PBXGroup;
			children = (
				B54633FD275753AF0079DAC6 /* DetailViewController.swift */,
				B54633FF275753C90079DAC6 /* DetailView.swift */,
			);
			path = View;
			sourceTree = "<group>";
		};
		B546340B275755AB0079DAC6 /* Presenter */ = {
			isa = PBXGroup;
			children = (
				B5463401275753ED0079DAC6 /* DetailPresenter.swift */,
			);
			path = Presenter;
			sourceTree = "<group>";
		};
		B546340C275755BD0079DAC6 /* DetailScreen - MVP */ = {
			isa = PBXGroup;
			children = (
				B546340A275755840079DAC6 /* View */,
				B546340B275755AB0079DAC6 /* Presenter */,
			);
			path = "DetailScreen - MVP";
			sourceTree = "<group>";
		};
		B546340D275755D30079DAC6 /* View */ = {
			isa = PBXGroup;
			children = (
				B5463403275754C00079DAC6 /* ModalViewController.swift */,
			);
			path = View;
			sourceTree = "<group>";
		};
		B546340E275755DB0079DAC6 /* ViewModel */ = {
			isa = PBXGroup;
			children = (
				B5463405275754F10079DAC6 /* ModalViewModel.swift */,
			);
			path = ViewModel;
			sourceTree = "<group>";
		};
		B546340F275755E40079DAC6 /* ModalScreen - MVVM */ = {
			isa = PBXGroup;
			children = (
				B546340D275755D30079DAC6 /* View */,
				B546340E275755DB0079DAC6 /* ViewModel */,
			);
			path = "ModalScreen - MVVM";
			sourceTree = "<group>";
		};
		B5463410275755F70079DAC6 /* Model */ = {
			isa = PBXGroup;
			children = (
				B54633FB275752E10079DAC6 /* ModelBook.swift */,
			);
			path = Model;
			sourceTree = "<group>";
		};
		B5463411275755FE0079DAC6 /* Metrics */ = {
			isa = PBXGroup;
			children = (
				B54633F9275752A60079DAC6 /* Metrics.swift */,
			);
			path = Metrics;
			sourceTree = "<group>";
		};
/* End PBXGroup section */

/* Begin PBXNativeTarget section */
		B54633DC275751010079DAC6 /* CollectionAppWithArchitecture */ = {
			isa = PBXNativeTarget;
			buildConfigurationList = B54633F1275751020079DAC6 /* Build configuration list for PBXNativeTarget "CollectionAppWithArchitecture" */;
			buildPhases = (
				B54633D9275751010079DAC6 /* Sources */,
				B54633DA275751010079DAC6 /* Frameworks */,
				B54633DB275751010079DAC6 /* Resources */,
			);
			buildRules = (
			);
			dependencies = (
			);
			name = CollectionAppWithArchitecture;
			productName = CollectionAppWithArchitecture;
			productReference = B54633DD275751010079DAC6 /* CollectionAppWithArchitecture.app */;
			productType = "com.apple.product-type.application";
		};
/* End PBXNativeTarget section */

/* Begin PBXProject section */
		B54633D5275751010079DAC6 /* Project object */ = {
			isa = PBXProject;
			attributes = {
				BuildIndependentTargetsInParallel = 1;
				LastSwiftUpdateCheck = 1310;
				LastUpgradeCheck = 1310;
				TargetAttributes = {
					B54633DC275751010079DAC6 = {
						CreatedOnToolsVersion = 13.1;
					};
				};
			};
			buildConfigurationList = B54633D8275751010079DAC6 /* Build configuration list for PBXProject "CollectionAppWithArchitecture" */;
			compatibilityVersion = "Xcode 13.0";
			developmentRegion = en;
			hasScannedForEncodings = 0;
			knownRegions = (
				en,
				Base,
			);
			mainGroup = B54633D4275751010079DAC6;
			productRefGroup = B54633DE275751010079DAC6 /* Products */;
			projectDirPath = "";
			projectRoot = "";
			targets = (
				B54633DC275751010079DAC6 /* CollectionAppWithArchitecture */,
			);
		};
/* End PBXProject section */

/* Begin PBXResourcesBuildPhase section */
		B54633DB275751010079DAC6 /* Resources */ = {
			isa = PBXResourcesBuildPhase;
			buildActionMask = 2147483647;
			files = (
				B54633ED275751020079DAC6 /* LaunchScreen.storyboard in Resources */,
				B54633EA275751020079DAC6 /* Assets.xcassets in Resources */,
			);
			runOnlyForDeploymentPostprocessing = 0;
		};
/* End PBXResourcesBuildPhase section */

/* Begin PBXSourcesBuildPhase section */
		B54633D9275751010079DAC6 /* Sources */ = {
			isa = PBXSourcesBuildPhase;
			buildActionMask = 2147483647;
			files = (
				B54633E5275751010079DAC6 /* BooksViewController.swift in Sources */,
				B5463400275753C90079DAC6 /* DetailView.swift in Sources */,
				B54633FA275752A60079DAC6 /* Metrics.swift in Sources */,
				B5463404275754C00079DAC6 /* ModalViewController.swift in Sources */,
				B5463402275753ED0079DAC6 /* DetailPresenter.swift in Sources */,
				B54633E1275751010079DAC6 /* AppDelegate.swift in Sources */,
				B54633E3275751010079DAC6 /* SceneDelegate.swift in Sources */,
				B54633F6275752460079DAC6 /* BooksView.swift in Sources */,
				B5463406275754F10079DAC6 /* ModalViewModel.swift in Sources */,
				B54633F8275752700079DAC6 /* CollectionViewCell.swift in Sources */,
				B54633FC275752E10079DAC6 /* ModelBook.swift in Sources */,
				B54633FE275753AF0079DAC6 /* DetailViewController.swift in Sources */,
			);
			runOnlyForDeploymentPostprocessing = 0;
		};
/* End PBXSourcesBuildPhase section */

/* Begin PBXVariantGroup section */
		B54633EB275751020079DAC6 /* LaunchScreen.storyboard */ = {
			isa = PBXVariantGroup;
			children = (
				B54633EC275751020079DAC6 /* Base */,
			);
			name = LaunchScreen.storyboard;
			sourceTree = "<group>";
		};
/* End PBXVariantGroup section */

/* Begin XCBuildConfiguration section */
		B54633EF275751020079DAC6 /* Debug */ = {
			isa = XCBuildConfiguration;
			buildSettings = {
				ALWAYS_SEARCH_USER_PATHS = NO;
				CLANG_ANALYZER_NONNULL = YES;
				CLANG_ANALYZER_NUMBER_OBJECT_CONVERSION = YES_AGGRESSIVE;
				CLANG_CXX_LANGUAGE_STANDARD = "gnu++17";
				CLANG_CXX_LIBRARY = "libc++";
				CLANG_ENABLE_MODULES = YES;
				CLANG_ENABLE_OBJC_ARC = YES;
				CLANG_ENABLE_OBJC_WEAK = YES;
				CLANG_WARN_BLOCK_CAPTURE_AUTORELEASING = YES;
				CLANG_WARN_BOOL_CONVERSION = YES;
				CLANG_WARN_COMMA = YES;
				CLANG_WARN_CONSTANT_CONVERSION = YES;
				CLANG_WARN_DEPRECATED_OBJC_IMPLEMENTATIONS = YES;
				CLANG_WARN_DIRECT_OBJC_ISA_USAGE = YES_ERROR;
				CLANG_WARN_DOCUMENTATION_COMMENTS = YES;
				CLANG_WARN_EMPTY_BODY = YES;
				CLANG_WARN_ENUM_CONVERSION = YES;
				CLANG_WARN_INFINITE_RECURSION = YES;
				CLANG_WARN_INT_CONVERSION = YES;
				CLANG_WARN_NON_LITERAL_NULL_CONVERSION = YES;
				CLANG_WARN_OBJC_IMPLICIT_RETAIN_SELF = YES;
				CLANG_WARN_OBJC_LITERAL_CONVERSION = YES;
				CLANG_WARN_OBJC_ROOT_CLASS = YES_ERROR;
				CLANG_WARN_QUOTED_INCLUDE_IN_FRAMEWORK_HEADER = YES;
				CLANG_WARN_RANGE_LOOP_ANALYSIS = YES;
				CLANG_WARN_STRICT_PROTOTYPES = YES;
				CLANG_WARN_SUSPICIOUS_MOVE = YES;
				CLANG_WARN_UNGUARDED_AVAILABILITY = YES_AGGRESSIVE;
				CLANG_WARN_UNREACHABLE_CODE = YES;
				CLANG_WARN__DUPLICATE_METHOD_MATCH = YES;
				COPY_PHASE_STRIP = NO;
				DEBUG_INFORMATION_FORMAT = dwarf;
				ENABLE_STRICT_OBJC_MSGSEND = YES;
				ENABLE_TESTABILITY = YES;
				GCC_C_LANGUAGE_STANDARD = gnu11;
				GCC_DYNAMIC_NO_PIC = NO;
				GCC_NO_COMMON_BLOCKS = YES;
				GCC_OPTIMIZATION_LEVEL = 0;
				GCC_PREPROCESSOR_DEFINITIONS = (
					"DEBUG=1",
					"$(inherited)",
				);
				GCC_WARN_64_TO_32_BIT_CONVERSION = YES;
				GCC_WARN_ABOUT_RETURN_TYPE = YES_ERROR;
				GCC_WARN_UNDECLARED_SELECTOR = YES;
				GCC_WARN_UNINITIALIZED_AUTOS = YES_AGGRESSIVE;
				GCC_WARN_UNUSED_FUNCTION = YES;
				GCC_WARN_UNUSED_VARIABLE = YES;
				IPHONEOS_DEPLOYMENT_TARGET = 15.0;
				MTL_ENABLE_DEBUG_INFO = INCLUDE_SOURCE;
				MTL_FAST_MATH = YES;
				ONLY_ACTIVE_ARCH = YES;
				SDKROOT = iphoneos;
				SWIFT_ACTIVE_COMPILATION_CONDITIONS = DEBUG;
				SWIFT_OPTIMIZATION_LEVEL = "-Onone";
			};
			name = Debug;
		};
		B54633F0275751020079DAC6 /* Release */ = {
			isa = XCBuildConfiguration;
			buildSettings = {
				ALWAYS_SEARCH_USER_PATHS = NO;
				CLANG_ANALYZER_NONNULL = YES;
				CLANG_ANALYZER_NUMBER_OBJECT_CONVERSION = YES_AGGRESSIVE;
				CLANG_CXX_LANGUAGE_STANDARD = "gnu++17";
				CLANG_CXX_LIBRARY = "libc++";
				CLANG_ENABLE_MODULES = YES;
				CLANG_ENABLE_OBJC_ARC = YES;
				CLANG_ENABLE_OBJC_WEAK = YES;
				CLANG_WARN_BLOCK_CAPTURE_AUTORELEASING = YES;
				CLANG_WARN_BOOL_CONVERSION = YES;
				CLANG_WARN_COMMA = YES;
				CLANG_WARN_CONSTANT_CONVERSION = YES;
				CLANG_WARN_DEPRECATED_OBJC_IMPLEMENTATIONS = YES;
				CLANG_WARN_DIRECT_OBJC_ISA_USAGE = YES_ERROR;
				CLANG_WARN_DOCUMENTATION_COMMENTS = YES;
				CLANG_WARN_EMPTY_BODY = YES;
				CLANG_WARN_ENUM_CONVERSION = YES;
				CLANG_WARN_INFINITE_RECURSION = YES;
				CLANG_WARN_INT_CONVERSION = YES;
				CLANG_WARN_NON_LITERAL_NULL_CONVERSION = YES;
				CLANG_WARN_OBJC_IMPLICIT_RETAIN_SELF = YES;
				CLANG_WARN_OBJC_LITERAL_CONVERSION = YES;
				CLANG_WARN_OBJC_ROOT_CLASS = YES_ERROR;
				CLANG_WARN_QUOTED_INCLUDE_IN_FRAMEWORK_HEADER = YES;
				CLANG_WARN_RANGE_LOOP_ANALYSIS = YES;
				CLANG_WARN_STRICT_PROTOTYPES = YES;
				CLANG_WARN_SUSPICIOUS_MOVE = YES;
				CLANG_WARN_UNGUARDED_AVAILABILITY = YES_AGGRESSIVE;
				CLANG_WARN_UNREACHABLE_CODE = YES;
				CLANG_WARN__DUPLICATE_METHOD_MATCH = YES;
				COPY_PHASE_STRIP = NO;
				DEBUG_INFORMATION_FORMAT = "dwarf-with-dsym";
				ENABLE_NS_ASSERTIONS = NO;
				ENABLE_STRICT_OBJC_MSGSEND = YES;
				GCC_C_LANGUAGE_STANDARD = gnu11;
				GCC_NO_COMMON_BLOCKS = YES;
				GCC_WARN_64_TO_32_BIT_CONVERSION = YES;
				GCC_WARN_ABOUT_RETURN_TYPE = YES_ERROR;
				GCC_WARN_UNDECLARED_SELECTOR = YES;
				GCC_WARN_UNINITIALIZED_AUTOS = YES_AGGRESSIVE;
				GCC_WARN_UNUSED_FUNCTION = YES;
				GCC_WARN_UNUSED_VARIABLE = YES;
				IPHONEOS_DEPLOYMENT_TARGET = 15.0;
				MTL_ENABLE_DEBUG_INFO = NO;
				MTL_FAST_MATH = YES;
				SDKROOT = iphoneos;
				SWIFT_COMPILATION_MODE = wholemodule;
				SWIFT_OPTIMIZATION_LEVEL = "-O";
				VALIDATE_PRODUCT = YES;
			};
			name = Release;
		};
		B54633F2275751020079DAC6 /* Debug */ = {
			isa = XCBuildConfiguration;
			buildSettings = {
				ASSETCATALOG_COMPILER_APPICON_NAME = AppIcon;
				ASSETCATALOG_COMPILER_GLOBAL_ACCENT_COLOR_NAME = AccentColor;
				CODE_SIGN_STYLE = Automatic;
				CURRENT_PROJECT_VERSION = 1;
				DEVELOPMENT_TEAM = 7LRD67JB9M;
				GENERATE_INFOPLIST_FILE = YES;
				INFOPLIST_FILE = CollectionAppWithArchitecture/Info.plist;
				INFOPLIST_KEY_UIApplicationSupportsIndirectInputEvents = YES;
				INFOPLIST_KEY_UILaunchStoryboardName = LaunchScreen;
				INFOPLIST_KEY_UISupportedInterfaceOrientations_iPad = "UIInterfaceOrientationPortrait UIInterfaceOrientationPortraitUpsideDown UIInterfaceOrientationLandscapeLeft UIInterfaceOrientationLandscapeRight";
				INFOPLIST_KEY_UISupportedInterfaceOrientations_iPhone = "UIInterfaceOrientationPortrait UIInterfaceOrientationLandscapeLeft UIInterfaceOrientationLandscapeRight";
				LD_RUNPATH_SEARCH_PATHS = (
					"$(inherited)",
					"@executable_path/Frameworks",
				);
				MARKETING_VERSION = 1.0;
				PRODUCT_BUNDLE_IDENTIFIER = study1.CollectionAppWithArchitecture;
				PRODUCT_NAME = "$(TARGET_NAME)";
				SWIFT_EMIT_LOC_STRINGS = YES;
				SWIFT_VERSION = 5.0;
				TARGETED_DEVICE_FAMILY = 1;
			};
			name = Debug;
		};
		B54633F3275751020079DAC6 /* Release */ = {
			isa = XCBuildConfiguration;
			buildSettings = {
				ASSETCATALOG_COMPILER_APPICON_NAME = AppIcon;
				ASSETCATALOG_COMPILER_GLOBAL_ACCENT_COLOR_NAME = AccentColor;
				CODE_SIGN_STYLE = Automatic;
				CURRENT_PROJECT_VERSION = 1;
				DEVELOPMENT_TEAM = 7LRD67JB9M;
				GENERATE_INFOPLIST_FILE = YES;
				INFOPLIST_FILE = CollectionAppWithArchitecture/Info.plist;
				INFOPLIST_KEY_UIApplicationSupportsIndirectInputEvents = YES;
				INFOPLIST_KEY_UILaunchStoryboardName = LaunchScreen;
				INFOPLIST_KEY_UISupportedInterfaceOrientations_iPad = "UIInterfaceOrientationPortrait UIInterfaceOrientationPortraitUpsideDown UIInterfaceOrientationLandscapeLeft UIInterfaceOrientationLandscapeRight";
				INFOPLIST_KEY_UISupportedInterfaceOrientations_iPhone = "UIInterfaceOrientationPortrait UIInterfaceOrientationLandscapeLeft UIInterfaceOrientationLandscapeRight";
				LD_RUNPATH_SEARCH_PATHS = (
					"$(inherited)",
					"@executable_path/Frameworks",
				);
				MARKETING_VERSION = 1.0;
				PRODUCT_BUNDLE_IDENTIFIER = study1.CollectionAppWithArchitecture;
				PRODUCT_NAME = "$(TARGET_NAME)";
				SWIFT_EMIT_LOC_STRINGS = YES;
				SWIFT_VERSION = 5.0;
				TARGETED_DEVICE_FAMILY = 1;
			};
			name = Release;
		};
/* End XCBuildConfiguration section */

/* Begin XCConfigurationList section */
		B54633D8275751010079DAC6 /* Build configuration list for PBXProject "CollectionAppWithArchitecture" */ = {
			isa = XCConfigurationList;
			buildConfigurations = (
				B54633EF275751020079DAC6 /* Debug */,
				B54633F0275751020079DAC6 /* Release */,
			);
			defaultConfigurationIsVisible = 0;
			defaultConfigurationName = Release;
		};
		B54633F1275751020079DAC6 /* Build configuration list for PBXNativeTarget "CollectionAppWithArchitecture" */ = {
			isa = XCConfigurationList;
			buildConfigurations = (
				B54633F2275751020079DAC6 /* Debug */,
				B54633F3275751020079DAC6 /* Release */,
			);
			defaultConfigurationIsVisible = 0;
			defaultConfigurationName = Release;
		};
/* End XCConfigurationList section */
	};
	rootObject = B54633D5275751010079DAC6 /* Project object */;
}
